
Microsoft Visual Studio Solution File, Format Version 12.00
# Visual Studio 2012
Project("{2150E333-8FDC-42A3-9474-1A3956D46DE8}") = "SolutionItems", "SolutionItems", "{20D23A31-18C0-4DDA-BEC9-6FD5A8AE0B17}"
	ProjectSection(SolutionItems) = preProject
		..\AppSettings.config = ..\AppSettings.config
		..\build.bat = ..\build.bat
		..\build.proj = ..\build.proj
		ftp_systemsupport_files_to_QA.txt = ftp_systemsupport_files_to_QA.txt
		..\Gen.bat = ..\Gen.bat
	EndProjectSection
EndProject
Project("{FAE04EC0-301F-11D3-BF4B-00C04F79EFBC}") = "SystemSupport.Test", "SystemSupport.Test\SystemSupport.Test.csproj", "{2ED85E5C-B5AF-4B1E-9DF1-9DC0B8A00ED6}"
EndProject
Project("{FAE04EC0-301F-11D3-BF4B-00C04F79EFBC}") = "SystemSupport.Web", "SystemSupport.Web\SystemSupport.Web.csproj", "{507F8BA0-E7FE-438F-A30A-7718240DB1F0}"
EndProject
Project("{FAE04EC0-301F-11D3-BF4B-00C04F79EFBC}") = "SystemSupport.Core", "SystemSupport.Core\SystemSupport.Core.csproj", "{6F644C87-3BF2-4109-8731-F257104DC45A}"
EndProject
Project("{2150E333-8FDC-42A3-9474-1A3956D46DE8}") = ".nuget", ".nuget", "{81B71F06-7B51-4172-AA4F-705640DBF993}"
	ProjectSection(SolutionItems) = preProject
		.nuget\NuGet.Config = .nuget\NuGet.Config
		.nuget\NuGet.exe = .nuget\NuGet.exe
		.nuget\NuGet.targets = .nuget\NuGet.targets
	EndProjectSection
EndProject
Project("{FAE04EC0-301F-11D3-BF4B-00C04F79EFBC}") = "KnowYourTurf.Core", "..\..\KnowYourTurf\KnowYourTurf.Core\KnowYourTurf.Core.csproj", "{3CBC320B-ECD3-4A3C-A6A3-704A23E6D1D7}"
EndProject
Global
	GlobalSection(SolutionConfigurationPlatforms) = preSolution
		Debug|Any CPU = Debug|Any CPU
		Release|Any CPU = Release|Any CPU
	EndGlobalSection
	GlobalSection(ProjectConfigurationPlatforms) = postSolution
		{2ED85E5C-B5AF-4B1E-9DF1-9DC0B8A00ED6}.Debug|Any CPU.ActiveCfg = Debug|Any CPU
		{2ED85E5C-B5AF-4B1E-9DF1-9DC0B8A00ED6}.Debug|Any CPU.Build.0 = Debug|Any CPU
		{2ED85E5C-B5AF-4B1E-9DF1-9DC0B8A00ED6}.Release|Any CPU.ActiveCfg = Release|Any CPU
		{2ED85E5C-B5AF-4B1E-9DF1-9DC0B8A00ED6}.Release|Any CPU.Build.0 = Release|Any CPU
		{507F8BA0-E7FE-438F-A30A-7718240DB1F0}.Debug|Any CPU.ActiveCfg = Debug|Any CPU
		{507F8BA0-E7FE-438F-A30A-7718240DB1F0}.Debug|Any CPU.Build.0 = Debug|Any CPU
		{507F8BA0-E7FE-438F-A30A-7718240DB1F0}.Release|Any CPU.ActiveCfg = Release|Any CPU
		{507F8BA0-E7FE-438F-A30A-7718240DB1F0}.Release|Any CPU.Build.0 = Release|Any CPU
		{6F644C87-3BF2-4109-8731-F257104DC45A}.Debug|Any CPU.ActiveCfg = Debug|Any CPU
		{6F644C87-3BF2-4109-8731-F257104DC45A}.Debug|Any CPU.Build.0 = Debug|Any CPU
		{6F644C87-3BF2-4109-8731-F257104DC45A}.Release|Any CPU.ActiveCfg = Release|Any CPU
		{6F644C87-3BF2-4109-8731-F257104DC45A}.Release|Any CPU.Build.0 = Release|Any CPU
		{3CBC320B-ECD3-4A3C-A6A3-704A23E6D1D7}.Debug|Any CPU.ActiveCfg = Debug|Any CPU
		{3CBC320B-ECD3-4A3C-A6A3-704A23E6D1D7}.Debug|Any CPU.Build.0 = Debug|Any CPU
		{3CBC320B-ECD3-4A3C-A6A3-704A23E6D1D7}.Release|Any CPU.ActiveCfg = Release|Any CPU
		{3CBC320B-ECD3-4A3C-A6A3-704A23E6D1D7}.Release|Any CPU.Build.0 = Release|Any CPU
	EndGlobalSection
	GlobalSection(SolutionProperties) = preSolution
		HideSolutionNode = FALSE
	EndGlobalSection
EndGlobal
