
Microsoft Visual Studio Solution File, Format Version 11.00
# Visual Studio 2010
Project("{FAE04EC0-301F-11D3-BF4B-00C04F79EFBC}") = "SystemSupport.Test", "SystemSupport.Test\SystemSupport.Test.csproj", "{2ED85E5C-B5AF-4B1E-9DF1-9DC0B8A00ED6}"
EndProject
Project("{FAE04EC0-301F-11D3-BF4B-00C04F79EFBC}") = "SystemSupport.Web", "SystemSupport.Web\SystemSupport.Web.csproj", "{507F8BA0-E7FE-438F-A30A-7718240DB1F0}"
EndProject
Project("{2150E333-8FDC-42A3-9474-1A3956D46DE8}") = "SolutionItems", "SolutionItems", "{20D23A31-18C0-4DDA-BEC9-6FD5A8AE0B17}"
	ProjectSection(SolutionItems) = preProject
		SystemSupport.Web\appSettings.config = SystemSupport.Web\appSettings.config
		..\build.bat = ..\build.bat
		..\build.proj = ..\build.proj
		ftp_systemsupport_files_to_QA.txt = ftp_systemsupport_files_to_QA.txt
		..\Gen.bat = ..\Gen.bat
	EndProjectSection
EndProject
Project("{FAE04EC0-301F-11D3-BF4B-00C04F79EFBC}") = "SystemSupport.Core", "SystemSupport.Core\SystemSupport.Core.csproj", "{6F644C87-3BF2-4109-8731-F257104DC45A}"
EndProject
Project("{FAE04EC0-301F-11D3-BF4B-00C04F79EFBC}") = "KnowYourTurf.Core", "..\..\KnowYourTurf\KnowYourTurf.Core\KnowYourTurf.Core.csproj", "{3CBC320B-ECD3-4A3C-A6A3-704A23E6D1D7}"
EndProject
Project("{FAE04EC0-301F-11D3-BF4B-00C04F79EFBC}") = "CC.Security", "..\..\CannibalCoder\CC.Security\CC.Security.csproj", "{DBA372FE-3D52-45B3-AF82-B37696328764}"
EndProject
Project("{FAE04EC0-301F-11D3-BF4B-00C04F79EFBC}") = "CC.Core", "..\..\CannibalCoder\CC.Core\CC.Core.csproj", "{5E0B0CA2-BD5E-4953-A336-2AADC00CD81B}"
EndProject
Project("{FAE04EC0-301F-11D3-BF4B-00C04F79EFBC}") = "CC.Core.Utilities", "..\..\CannibalCoder\CC.Core.Utils\CC.Core.Utilities.csproj", "{54970D60-6123-4227-9C72-04CA09BAF7B9}"
EndProject
Project("{FAE04EC0-301F-11D3-BF4B-00C04F79EFBC}") = "CC.UI.Helpers", "..\..\CannibalCoder\CC.UI.Helpers\CC.UI.Helpers.csproj", "{0DBFB19C-E106-4807-AA4B-FC8D128A3438}"
EndProject
Project("{FAE04EC0-301F-11D3-BF4B-00C04F79EFBC}") = "HtmlTags", "..\..\CannibalCoder\HtmlTags\HtmlTags\HtmlTags.csproj", "{F01C84F2-6E41-404C-AC8D-BF189A9EC05B}"
EndProject
Project("{2150E333-8FDC-42A3-9474-1A3956D46DE8}") = "CannibalCoder", "CannibalCoder", "{E32141E8-FEB3-42E0-8747-20A0B8833B3D}"
EndProject
Global
	GlobalSection(SolutionConfigurationPlatforms) = preSolution
		Debug|Any CPU = Debug|Any CPU
		Release|Any CPU = Release|Any CPU
	EndGlobalSection
	GlobalSection(ProjectConfigurationPlatforms) = postSolution
		{2ED85E5C-B5AF-4B1E-9DF1-9DC0B8A00ED6}.Debug|Any CPU.ActiveCfg = Debug|Any CPU
		{2ED85E5C-B5AF-4B1E-9DF1-9DC0B8A00ED6}.Debug|Any CPU.Build.0 = Debug|Any CPU
		{2ED85E5C-B5AF-4B1E-9DF1-9DC0B8A00ED6}.Release|Any CPU.ActiveCfg = Release|Any CPU
		{2ED85E5C-B5AF-4B1E-9DF1-9DC0B8A00ED6}.Release|Any CPU.Build.0 = Release|Any CPU
		{507F8BA0-E7FE-438F-A30A-7718240DB1F0}.Debug|Any CPU.ActiveCfg = Debug|Any CPU
		{507F8BA0-E7FE-438F-A30A-7718240DB1F0}.Debug|Any CPU.Build.0 = Debug|Any CPU
		{507F8BA0-E7FE-438F-A30A-7718240DB1F0}.Release|Any CPU.ActiveCfg = Release|Any CPU
		{507F8BA0-E7FE-438F-A30A-7718240DB1F0}.Release|Any CPU.Build.0 = Release|Any CPU
		{6F644C87-3BF2-4109-8731-F257104DC45A}.Debug|Any CPU.ActiveCfg = Debug|Any CPU
		{6F644C87-3BF2-4109-8731-F257104DC45A}.Debug|Any CPU.Build.0 = Debug|Any CPU
		{6F644C87-3BF2-4109-8731-F257104DC45A}.Release|Any CPU.ActiveCfg = Release|Any CPU
		{6F644C87-3BF2-4109-8731-F257104DC45A}.Release|Any CPU.Build.0 = Release|Any CPU
		{3CBC320B-ECD3-4A3C-A6A3-704A23E6D1D7}.Debug|Any CPU.ActiveCfg = Debug|Any CPU
		{3CBC320B-ECD3-4A3C-A6A3-704A23E6D1D7}.Debug|Any CPU.Build.0 = Debug|Any CPU
		{3CBC320B-ECD3-4A3C-A6A3-704A23E6D1D7}.Release|Any CPU.ActiveCfg = Release|Any CPU
		{3CBC320B-ECD3-4A3C-A6A3-704A23E6D1D7}.Release|Any CPU.Build.0 = Release|Any CPU
		{DBA372FE-3D52-45B3-AF82-B37696328764}.Debug|Any CPU.ActiveCfg = Debug|Any CPU
		{DBA372FE-3D52-45B3-AF82-B37696328764}.Debug|Any CPU.Build.0 = Debug|Any CPU
		{DBA372FE-3D52-45B3-AF82-B37696328764}.Release|Any CPU.ActiveCfg = Release|Any CPU
		{DBA372FE-3D52-45B3-AF82-B37696328764}.Release|Any CPU.Build.0 = Release|Any CPU
		{5E0B0CA2-BD5E-4953-A336-2AADC00CD81B}.Debug|Any CPU.ActiveCfg = Debug|Any CPU
		{5E0B0CA2-BD5E-4953-A336-2AADC00CD81B}.Debug|Any CPU.Build.0 = Debug|Any CPU
		{5E0B0CA2-BD5E-4953-A336-2AADC00CD81B}.Release|Any CPU.ActiveCfg = Release|Any CPU
		{5E0B0CA2-BD5E-4953-A336-2AADC00CD81B}.Release|Any CPU.Build.0 = Release|Any CPU
		{54970D60-6123-4227-9C72-04CA09BAF7B9}.Debug|Any CPU.ActiveCfg = Debug|Any CPU
		{54970D60-6123-4227-9C72-04CA09BAF7B9}.Debug|Any CPU.Build.0 = Debug|Any CPU
		{54970D60-6123-4227-9C72-04CA09BAF7B9}.Release|Any CPU.ActiveCfg = Release|Any CPU
		{54970D60-6123-4227-9C72-04CA09BAF7B9}.Release|Any CPU.Build.0 = Release|Any CPU
		{0DBFB19C-E106-4807-AA4B-FC8D128A3438}.Debug|Any CPU.ActiveCfg = Debug|Any CPU
		{0DBFB19C-E106-4807-AA4B-FC8D128A3438}.Debug|Any CPU.Build.0 = Debug|Any CPU
		{0DBFB19C-E106-4807-AA4B-FC8D128A3438}.Release|Any CPU.ActiveCfg = Release|Any CPU
		{0DBFB19C-E106-4807-AA4B-FC8D128A3438}.Release|Any CPU.Build.0 = Release|Any CPU
		{F01C84F2-6E41-404C-AC8D-BF189A9EC05B}.Debug|Any CPU.ActiveCfg = Debug|Any CPU
		{F01C84F2-6E41-404C-AC8D-BF189A9EC05B}.Debug|Any CPU.Build.0 = Debug|Any CPU
		{F01C84F2-6E41-404C-AC8D-BF189A9EC05B}.Release|Any CPU.ActiveCfg = Release|Any CPU
		{F01C84F2-6E41-404C-AC8D-BF189A9EC05B}.Release|Any CPU.Build.0 = Release|Any CPU
	EndGlobalSection
	GlobalSection(SolutionProperties) = preSolution
		HideSolutionNode = FALSE
	EndGlobalSection
	GlobalSection(NestedProjects) = preSolution
		{5E0B0CA2-BD5E-4953-A336-2AADC00CD81B} = {E32141E8-FEB3-42E0-8747-20A0B8833B3D}
		{54970D60-6123-4227-9C72-04CA09BAF7B9} = {E32141E8-FEB3-42E0-8747-20A0B8833B3D}
		{DBA372FE-3D52-45B3-AF82-B37696328764} = {E32141E8-FEB3-42E0-8747-20A0B8833B3D}
		{0DBFB19C-E106-4807-AA4B-FC8D128A3438} = {E32141E8-FEB3-42E0-8747-20A0B8833B3D}
		{F01C84F2-6E41-404C-AC8D-BF189A9EC05B} = {E32141E8-FEB3-42E0-8747-20A0B8833B3D}
	EndGlobalSection
EndGlobal
